{
  "name": "dxq",
  "version": "1.0.0",
  "lockfileVersion": 1,
  "requires": true,
  "dependencies": {
    "vant-weapp": {
      "version": "0.5.20",
      "resolved": "https://registry.npmjs.org/vant-weapp/-/vant-weapp-0.5.20.tgz",
      "integrity": "sha512-/wKZeb9Ke/g0ti45WgIAI+2ZADtgwcRrZ42yP6ODnFFP6csffJcJtFvt69TN3BTVU7bNMiSqlUpT5QGasCtlNg=="
    }
  }
}
